
Microsoft Visual Studio Solution File, Format Version 12.00
# Visual Studio Version 16
VisualStudioVersion = 16.0.30621.155
MinimumVisualStudioVersion = 10.0.40219.1
Project("{2150E333-8FDC-42A3-9474-1A3956D46DE8}") = "1 - Presentation", "1 - Presentation", "{CECC60DC-AED4-4E2E-B5B8-ADBEDF933BC5}"
EndProject
Project("{2150E333-8FDC-42A3-9474-1A3956D46DE8}") = "2 - Application", "2 - Application", "{9E8843D3-914F-48DE-8833-5F661E4C6BD8}"
EndProject
Project("{2150E333-8FDC-42A3-9474-1A3956D46DE8}") = "3 - Domain", "3 - Domain", "{F107CF8F-5B0B-4925-A7B0-586BE45C34CE}"
EndProject
Project("{2150E333-8FDC-42A3-9474-1A3956D46DE8}") = "4 - Infra", "4 - Infra", "{BF89FB24-E88E-473B-A93B-EB5832D98CAE}"
EndProject
Project("{9A19103F-16F7-4668-BE54-9A1E7A4F7556}") = "Domain", "Domain\Domain.csproj", "{350A2A40-F6B4-416B-9DD8-1D4D598167B7}"
EndProject
Project("{9A19103F-16F7-4668-BE54-9A1E7A4F7556}") = "Data", "Infra\Data.csproj", "{F3436485-E56D-442A-87D7-5D30AAE1F692}"
EndProject
Project("{9A19103F-16F7-4668-BE54-9A1E7A4F7556}") = "Application", "ApplicationApp\Application.csproj", "{743CB796-BB9B-47BE-9F89-B1C6382F9803}"
EndProject
Project("{9A19103F-16F7-4668-BE54-9A1E7A4F7556}") = "SistemaOrcamentoAPI", "SistemaOrcamentoAPI\SistemaOrcamentoAPI.csproj", "{D3C6E8D6-E27A-4635-B437-18F93D002C2B}"
EndProject
Project("{9A19103F-16F7-4668-BE54-9A1E7A4F7556}") = "Services", "Service\Services.csproj", "{CC997A69-E8FC-453A-880B-3621C1D17F41}"
EndProject
Project("{9A19103F-16F7-4668-BE54-9A1E7A4F7556}") = "ApplicationDTO", "ApplicationDTO\ApplicationDTO.csproj", "{DA2610DB-16B5-457C-8357-F7BFB7C48310}"
EndProject
Project("{2150E333-8FDC-42A3-9474-1A3956D46DE8}") = "CrossCutting", "CrossCutting", "{66F6262D-E26E-45DE-A28F-A4BF3E83E98F}"
EndProject
Project("{9A19103F-16F7-4668-BE54-9A1E7A4F7556}") = "Adapter", "Adapter\Adapter.csproj", "{115DE344-C99E-49AA-94ED-4ACBF08D1656}"
EndProject
Project("{FAE04EC0-301F-11D3-BF4B-00C04F79EFBC}") = "Security", "Security\Security.csproj", "{9EE851B7-1CC2-4C13-B221-B49552CED6DF}"
EndProject
Global
	GlobalSection(SolutionConfigurationPlatforms) = preSolution
		Debug|Any CPU = Debug|Any CPU
		Release|Any CPU = Release|Any CPU
	EndGlobalSection
	GlobalSection(ProjectConfigurationPlatforms) = postSolution
		{350A2A40-F6B4-416B-9DD8-1D4D598167B7}.Debug|Any CPU.ActiveCfg = Debug|Any CPU
		{350A2A40-F6B4-416B-9DD8-1D4D598167B7}.Debug|Any CPU.Build.0 = Debug|Any CPU
		{350A2A40-F6B4-416B-9DD8-1D4D598167B7}.Release|Any CPU.ActiveCfg = Release|Any CPU
		{350A2A40-F6B4-416B-9DD8-1D4D598167B7}.Release|Any CPU.Build.0 = Release|Any CPU
		{F3436485-E56D-442A-87D7-5D30AAE1F692}.Debug|Any CPU.ActiveCfg = Debug|Any CPU
		{F3436485-E56D-442A-87D7-5D30AAE1F692}.Debug|Any CPU.Build.0 = Debug|Any CPU
		{F3436485-E56D-442A-87D7-5D30AAE1F692}.Release|Any CPU.ActiveCfg = Release|Any CPU
		{F3436485-E56D-442A-87D7-5D30AAE1F692}.Release|Any CPU.Build.0 = Release|Any CPU
		{743CB796-BB9B-47BE-9F89-B1C6382F9803}.Debug|Any CPU.ActiveCfg = Debug|Any CPU
		{743CB796-BB9B-47BE-9F89-B1C6382F9803}.Debug|Any CPU.Build.0 = Debug|Any CPU
		{743CB796-BB9B-47BE-9F89-B1C6382F9803}.Release|Any CPU.ActiveCfg = Release|Any CPU
		{743CB796-BB9B-47BE-9F89-B1C6382F9803}.Release|Any CPU.Build.0 = Release|Any CPU
		{D3C6E8D6-E27A-4635-B437-18F93D002C2B}.Debug|Any CPU.ActiveCfg = Debug|Any CPU
		{D3C6E8D6-E27A-4635-B437-18F93D002C2B}.Debug|Any CPU.Build.0 = Debug|Any CPU
		{D3C6E8D6-E27A-4635-B437-18F93D002C2B}.Release|Any CPU.ActiveCfg = Release|Any CPU
		{D3C6E8D6-E27A-4635-B437-18F93D002C2B}.Release|Any CPU.Build.0 = Release|Any CPU
		{CC997A69-E8FC-453A-880B-3621C1D17F41}.Debug|Any CPU.ActiveCfg = Debug|Any CPU
		{CC997A69-E8FC-453A-880B-3621C1D17F41}.Debug|Any CPU.Build.0 = Debug|Any CPU
		{CC997A69-E8FC-453A-880B-3621C1D17F41}.Release|Any CPU.ActiveCfg = Release|Any CPU
		{CC997A69-E8FC-453A-880B-3621C1D17F41}.Release|Any CPU.Build.0 = Release|Any CPU
		{DA2610DB-16B5-457C-8357-F7BFB7C48310}.Debug|Any CPU.ActiveCfg = Debug|Any CPU
		{DA2610DB-16B5-457C-8357-F7BFB7C48310}.Debug|Any CPU.Build.0 = Debug|Any CPU
		{DA2610DB-16B5-457C-8357-F7BFB7C48310}.Release|Any CPU.ActiveCfg = Release|Any CPU
		{DA2610DB-16B5-457C-8357-F7BFB7C48310}.Release|Any CPU.Build.0 = Release|Any CPU
		{115DE344-C99E-49AA-94ED-4ACBF08D1656}.Debug|Any CPU.ActiveCfg = Debug|Any CPU
		{115DE344-C99E-49AA-94ED-4ACBF08D1656}.Debug|Any CPU.Build.0 = Debug|Any CPU
		{115DE344-C99E-49AA-94ED-4ACBF08D1656}.Release|Any CPU.ActiveCfg = Release|Any CPU
		{115DE344-C99E-49AA-94ED-4ACBF08D1656}.Release|Any CPU.Build.0 = Release|Any CPU
		{9EE851B7-1CC2-4C13-B221-B49552CED6DF}.Debug|Any CPU.ActiveCfg = Debug|Any CPU
		{9EE851B7-1CC2-4C13-B221-B49552CED6DF}.Debug|Any CPU.Build.0 = Debug|Any CPU
		{9EE851B7-1CC2-4C13-B221-B49552CED6DF}.Release|Any CPU.ActiveCfg = Release|Any CPU
		{9EE851B7-1CC2-4C13-B221-B49552CED6DF}.Release|Any CPU.Build.0 = Release|Any CPU
	EndGlobalSection
	GlobalSection(SolutionProperties) = preSolution
		HideSolutionNode = FALSE
	EndGlobalSection
	GlobalSection(NestedProjects) = preSolution
		{350A2A40-F6B4-416B-9DD8-1D4D598167B7} = {F107CF8F-5B0B-4925-A7B0-586BE45C34CE}
		{F3436485-E56D-442A-87D7-5D30AAE1F692} = {BF89FB24-E88E-473B-A93B-EB5832D98CAE}
		{743CB796-BB9B-47BE-9F89-B1C6382F9803} = {9E8843D3-914F-48DE-8833-5F661E4C6BD8}
		{D3C6E8D6-E27A-4635-B437-18F93D002C2B} = {CECC60DC-AED4-4E2E-B5B8-ADBEDF933BC5}
		{CC997A69-E8FC-453A-880B-3621C1D17F41} = {F107CF8F-5B0B-4925-A7B0-586BE45C34CE}
		{DA2610DB-16B5-457C-8357-F7BFB7C48310} = {9E8843D3-914F-48DE-8833-5F661E4C6BD8}
		{66F6262D-E26E-45DE-A28F-A4BF3E83E98F} = {BF89FB24-E88E-473B-A93B-EB5832D98CAE}
		{115DE344-C99E-49AA-94ED-4ACBF08D1656} = {66F6262D-E26E-45DE-A28F-A4BF3E83E98F}
		{9EE851B7-1CC2-4C13-B221-B49552CED6DF} = {BF89FB24-E88E-473B-A93B-EB5832D98CAE}
	EndGlobalSection
	GlobalSection(ExtensibilityGlobals) = postSolution
		SolutionGuid = {073674D4-2D10-433B-AAF6-AE1ACF5389AC}
	EndGlobalSection
EndGlobal
